
Microsoft Visual Studio Solution File, Format Version 12.00
# Visual Studio Express 2012 for Windows Desktop
Project("{FAE04EC0-301F-11D3-BF4B-00C04F79EFBC}") = "Que fait le Roi", "Que fait le Roi\Que fait le Roi.csproj", "{417083FF-86DD-47FC-99C1-785B08DB3865}"
EndProject
Global
	GlobalSection(SolutionConfigurationPlatforms) = preSolution
		Debug|Any CPU = Debug|Any CPU
		Release|Any CPU = Release|Any CPU
	EndGlobalSection
	GlobalSection(ProjectConfigurationPlatforms) = postSolution
		{417083FF-86DD-47FC-99C1-785B08DB3865}.Debug|Any CPU.ActiveCfg = Debug|Any CPU
		{417083FF-86DD-47FC-99C1-785B08DB3865}.Debug|Any CPU.Build.0 = Debug|Any CPU
		{417083FF-86DD-47FC-99C1-785B08DB3865}.Release|Any CPU.ActiveCfg = Release|Any CPU
		{417083FF-86DD-47FC-99C1-785B08DB3865}.Release|Any CPU.Build.0 = Release|Any CPU
	EndGlobalSection
	GlobalSection(SolutionProperties) = preSolution
		HideSolutionNode = FALSE
	EndGlobalSection
EndGlobal
