
Microsoft Visual Studio Solution File, Format Version 12.00
# Visual Studio 2012
Project("{FAE04EC0-301F-11D3-BF4B-00C04F79EFBC}") = "Chasse aux mots", "Chasse aux mots\Chasse aux mots.csproj", "{163E04D8-0CD2-458A-B2D9-DF1755DB23BF}"
EndProject
Global
	GlobalSection(SolutionConfigurationPlatforms) = preSolution
		Debug|Any CPU = Debug|Any CPU
		Release|Any CPU = Release|Any CPU
	EndGlobalSection
	GlobalSection(ProjectConfigurationPlatforms) = postSolution
		{163E04D8-0CD2-458A-B2D9-DF1755DB23BF}.Debug|Any CPU.ActiveCfg = Debug|Any CPU
		{163E04D8-0CD2-458A-B2D9-DF1755DB23BF}.Debug|Any CPU.Build.0 = Debug|Any CPU
		{163E04D8-0CD2-458A-B2D9-DF1755DB23BF}.Release|Any CPU.ActiveCfg = Release|Any CPU
		{163E04D8-0CD2-458A-B2D9-DF1755DB23BF}.Release|Any CPU.Build.0 = Release|Any CPU
	EndGlobalSection
	GlobalSection(SolutionProperties) = preSolution
		HideSolutionNode = FALSE
	EndGlobalSection
EndGlobal
